{
  "requires": true,
  "lockfileVersion": 1,
  "dependencies": {
    "javascript-stringify": {
      "version": "2.1.0",
      "resolved": "https://registry.npmjs.org/javascript-stringify/-/javascript-stringify-2.1.0.tgz",
      "integrity": "sha512-JVAfqNPTvNq3sB/VHQJAFxN/sPgKnsKrCwyRt15zwNCdrMMJDdcEOdubuy+DuJYYdm0ox1J4uzEuYKkN+9yhVg=="
    }
  }
}
